
Microsoft Visual Studio Solution File, Format Version 12.00
# Visual Studio Version 17
VisualStudioVersion = 17.7.34009.444
MinimumVisualStudioVersion = 10.0.40219.1
Project("{FAE04EC0-301F-11D3-BF4B-00C04F79EFBC}") = "ModularPrismApp", "ModularPrismApp\ModularPrismApp.csproj", "{09F3D153-939E-4005-B3B2-9442DE5DD8DB}"
EndProject
Global
	GlobalSection(SolutionConfigurationPlatforms) = preSolution
		Debug|Any CPU = Debug|Any CPU
		Release|Any CPU = Release|Any CPU
	EndGlobalSection
	GlobalSection(ProjectConfigurationPlatforms) = postSolution
		{09F3D153-939E-4005-B3B2-9442DE5DD8DB}.Debug|Any CPU.ActiveCfg = Debug|Any CPU
		{09F3D153-939E-4005-B3B2-9442DE5DD8DB}.Debug|Any CPU.Build.0 = Debug|Any CPU
		{09F3D153-939E-4005-B3B2-9442DE5DD8DB}.Release|Any CPU.ActiveCfg = Release|Any CPU
		{09F3D153-939E-4005-B3B2-9442DE5DD8DB}.Release|Any CPU.Build.0 = Release|Any CPU
	EndGlobalSection
	GlobalSection(SolutionProperties) = preSolution
		HideSolutionNode = FALSE
	EndGlobalSection
	GlobalSection(ExtensibilityGlobals) = postSolution
		SolutionGuid = {2B4B0B25-8861-4ABC-8C26-E3910354E7E6}
	EndGlobalSection
EndGlobal
